
Microsoft Visual Studio Solution File, Format Version 12.00
# Visual Studio 15
VisualStudioVersion = 15.0.26730.16
MinimumVisualStudioVersion = 10.0.40219.1
Project("{FAE04EC0-301F-11D3-BF4B-00C04F79EFBC}") = "TrackYourLife-API", "TrackYourLife-API\TrackYourLife-API.csproj", "{BCF91921-34DA-421F-980A-8DB598E67989}"
EndProject
Global
	GlobalSection(SolutionConfigurationPlatforms) = preSolution
		Debug|Any CPU = Debug|Any CPU
		Release|Any CPU = Release|Any CPU
	EndGlobalSection
	GlobalSection(ProjectConfigurationPlatforms) = postSolution
		{BCF91921-34DA-421F-980A-8DB598E67989}.Debug|Any CPU.ActiveCfg = Debug|Any CPU
		{BCF91921-34DA-421F-980A-8DB598E67989}.Debug|Any CPU.Build.0 = Debug|Any CPU
		{BCF91921-34DA-421F-980A-8DB598E67989}.Release|Any CPU.ActiveCfg = Release|Any CPU
		{BCF91921-34DA-421F-980A-8DB598E67989}.Release|Any CPU.Build.0 = Release|Any CPU
	EndGlobalSection
	GlobalSection(SolutionProperties) = preSolution
		HideSolutionNode = FALSE
	EndGlobalSection
	GlobalSection(ExtensibilityGlobals) = postSolution
		SolutionGuid = {A552C376-FBD3-465A-BA1A-2D67E1F13162}
	EndGlobalSection
EndGlobal
